
Microsoft Visual Studio Solution File, Format Version 12.00
# Visual Studio Version 17
VisualStudioVersion = 17.1.32210.238
MinimumVisualStudioVersion = 10.0.40219.1
Project("{9A19103F-16F7-4668-BE54-9A1E7A4F7556}") = "Dat", "Dat\Dat.csproj", "{95C3FA06-59A8-4A95-8FB7-F722106D6071}"
EndProject
Project("{9A19103F-16F7-4668-BE54-9A1E7A4F7556}") = "Common", "Common\Common.csproj", "{BCD93536-D322-4C14-B193-1F643D03C788}"
EndProject
Project("{9A19103F-16F7-4668-BE54-9A1E7A4F7556}") = "Tests", "Tests\Tests.csproj", "{55293DEB-00FA-45AD-814D-CB37383BE0D5}"
EndProject
Project("{2150E333-8FDC-42A3-9474-1A3956D46DE8}") = "Solution Items", "Solution Items", "{B25793AF-BB94-4E13-818D-DBCBA521F467}"
	ProjectSection(SolutionItems) = preProject
		.editorconfig = .editorconfig
		.gitignore = .gitignore
		dat-object-layout.md = dat-object-layout.md
		loco_icon.ico = loco_icon.ico
		palette.png = palette.png
		README.md = README.md
	EndProjectSection
EndProject
Project("{9A19103F-16F7-4668-BE54-9A1E7A4F7556}") = "Gui", "Gui\Gui.csproj", "{97BB6E13-07B5-4F91-BCB2-AEC1960EACC3}"
EndProject
Project("{9A19103F-16F7-4668-BE54-9A1E7A4F7556}") = "ObjectService", "ObjectService\ObjectService.csproj", "{9A3C313B-8D72-44C5-879D-0374BB98B9FD}"
	ProjectSection(ProjectDependencies) = postProject
		{95C3FA06-59A8-4A95-8FB7-F722106D6071} = {95C3FA06-59A8-4A95-8FB7-F722106D6071}
	EndProjectSection
EndProject
Project("{9A19103F-16F7-4668-BE54-9A1E7A4F7556}") = "Definitions", "Definitions\Definitions.csproj", "{16B6E331-F893-483A-AECC-A3B4E87CE34C}"
EndProject
Project("{9A19103F-16F7-4668-BE54-9A1E7A4F7556}") = "DatabaseExporter", "DatabaseExporter\DatabaseExporter.csproj", "{A5FD546A-471B-45AC-9037-7D02A2A17E23}"
EndProject
Project("{9A19103F-16F7-4668-BE54-9A1E7A4F7556}") = "DataSanitiser", "DataSanitiser\DataSanitiser.csproj", "{ED77CF9B-CA65-4798-A269-0748D14CFC9F}"
EndProject
Project("{FAE04EC0-301F-11D3-BF4B-00C04F79EFBC}") = "PaletteGenerator", "PaletteGenerator\PaletteGenerator.csproj", "{010B8AB4-9867-4BE0-A663-6261DA4056F9}"
EndProject
Project("{FAE04EC0-301F-11D3-BF4B-00C04F79EFBC}") = "DatabaseImporter", "DatabaseImporter\DatabaseImporter.csproj", "{09C431B2-59D4-4D40-B006-A2407797FCBA}"
EndProject
Global
	GlobalSection(SolutionConfigurationPlatforms) = preSolution
		Debug|Any CPU = Debug|Any CPU
		Debug|x64 = Debug|x64
		Debug|x86 = Debug|x86
		Release|Any CPU = Release|Any CPU
		Release|x64 = Release|x64
		Release|x86 = Release|x86
	EndGlobalSection
	GlobalSection(ProjectConfigurationPlatforms) = postSolution
		{95C3FA06-59A8-4A95-8FB7-F722106D6071}.Debug|Any CPU.ActiveCfg = Debug|Any CPU
		{95C3FA06-59A8-4A95-8FB7-F722106D6071}.Debug|Any CPU.Build.0 = Debug|Any CPU
		{95C3FA06-59A8-4A95-8FB7-F722106D6071}.Debug|x64.ActiveCfg = Debug|Any CPU
		{95C3FA06-59A8-4A95-8FB7-F722106D6071}.Debug|x64.Build.0 = Debug|Any CPU
		{95C3FA06-59A8-4A95-8FB7-F722106D6071}.Debug|x86.ActiveCfg = Debug|Any CPU
		{95C3FA06-59A8-4A95-8FB7-F722106D6071}.Debug|x86.Build.0 = Debug|Any CPU
		{95C3FA06-59A8-4A95-8FB7-F722106D6071}.Release|Any CPU.ActiveCfg = Release|Any CPU
		{95C3FA06-59A8-4A95-8FB7-F722106D6071}.Release|Any CPU.Build.0 = Release|Any CPU
		{95C3FA06-59A8-4A95-8FB7-F722106D6071}.Release|x64.ActiveCfg = Release|Any CPU
		{95C3FA06-59A8-4A95-8FB7-F722106D6071}.Release|x64.Build.0 = Release|Any CPU
		{95C3FA06-59A8-4A95-8FB7-F722106D6071}.Release|x86.ActiveCfg = Release|Any CPU
		{95C3FA06-59A8-4A95-8FB7-F722106D6071}.Release|x86.Build.0 = Release|Any CPU
		{BCD93536-D322-4C14-B193-1F643D03C788}.Debug|Any CPU.ActiveCfg = Debug|Any CPU
		{BCD93536-D322-4C14-B193-1F643D03C788}.Debug|Any CPU.Build.0 = Debug|Any CPU
		{BCD93536-D322-4C14-B193-1F643D03C788}.Debug|x64.ActiveCfg = Debug|Any CPU
		{BCD93536-D322-4C14-B193-1F643D03C788}.Debug|x64.Build.0 = Debug|Any CPU
		{BCD93536-D322-4C14-B193-1F643D03C788}.Debug|x86.ActiveCfg = Debug|Any CPU
		{BCD93536-D322-4C14-B193-1F643D03C788}.Debug|x86.Build.0 = Debug|Any CPU
		{BCD93536-D322-4C14-B193-1F643D03C788}.Release|Any CPU.ActiveCfg = Release|Any CPU
		{BCD93536-D322-4C14-B193-1F643D03C788}.Release|Any CPU.Build.0 = Release|Any CPU
		{BCD93536-D322-4C14-B193-1F643D03C788}.Release|x64.ActiveCfg = Release|Any CPU
		{BCD93536-D322-4C14-B193-1F643D03C788}.Release|x64.Build.0 = Release|Any CPU
		{BCD93536-D322-4C14-B193-1F643D03C788}.Release|x86.ActiveCfg = Release|Any CPU
		{BCD93536-D322-4C14-B193-1F643D03C788}.Release|x86.Build.0 = Release|Any CPU
		{55293DEB-00FA-45AD-814D-CB37383BE0D5}.Debug|Any CPU.ActiveCfg = Debug|Any CPU
		{55293DEB-00FA-45AD-814D-CB37383BE0D5}.Debug|Any CPU.Build.0 = Debug|Any CPU
		{55293DEB-00FA-45AD-814D-CB37383BE0D5}.Debug|x64.ActiveCfg = Debug|Any CPU
		{55293DEB-00FA-45AD-814D-CB37383BE0D5}.Debug|x64.Build.0 = Debug|Any CPU
		{55293DEB-00FA-45AD-814D-CB37383BE0D5}.Debug|x86.ActiveCfg = Debug|Any CPU
		{55293DEB-00FA-45AD-814D-CB37383BE0D5}.Debug|x86.Build.0 = Debug|Any CPU
		{55293DEB-00FA-45AD-814D-CB37383BE0D5}.Release|Any CPU.ActiveCfg = Release|Any CPU
		{55293DEB-00FA-45AD-814D-CB37383BE0D5}.Release|Any CPU.Build.0 = Release|Any CPU
		{55293DEB-00FA-45AD-814D-CB37383BE0D5}.Release|x64.ActiveCfg = Release|Any CPU
		{55293DEB-00FA-45AD-814D-CB37383BE0D5}.Release|x64.Build.0 = Release|Any CPU
		{55293DEB-00FA-45AD-814D-CB37383BE0D5}.Release|x86.ActiveCfg = Release|Any CPU
		{55293DEB-00FA-45AD-814D-CB37383BE0D5}.Release|x86.Build.0 = Release|Any CPU
		{97BB6E13-07B5-4F91-BCB2-AEC1960EACC3}.Debug|Any CPU.ActiveCfg = Debug|Any CPU
		{97BB6E13-07B5-4F91-BCB2-AEC1960EACC3}.Debug|Any CPU.Build.0 = Debug|Any CPU
		{97BB6E13-07B5-4F91-BCB2-AEC1960EACC3}.Debug|x64.ActiveCfg = Debug|Any CPU
		{97BB6E13-07B5-4F91-BCB2-AEC1960EACC3}.Debug|x64.Build.0 = Debug|Any CPU
		{97BB6E13-07B5-4F91-BCB2-AEC1960EACC3}.Debug|x86.ActiveCfg = Debug|Any CPU
		{97BB6E13-07B5-4F91-BCB2-AEC1960EACC3}.Debug|x86.Build.0 = Debug|Any CPU
		{97BB6E13-07B5-4F91-BCB2-AEC1960EACC3}.Release|Any CPU.ActiveCfg = Release|Any CPU
		{97BB6E13-07B5-4F91-BCB2-AEC1960EACC3}.Release|Any CPU.Build.0 = Release|Any CPU
		{97BB6E13-07B5-4F91-BCB2-AEC1960EACC3}.Release|x64.ActiveCfg = Release|Any CPU
		{97BB6E13-07B5-4F91-BCB2-AEC1960EACC3}.Release|x64.Build.0 = Release|Any CPU
		{97BB6E13-07B5-4F91-BCB2-AEC1960EACC3}.Release|x86.ActiveCfg = Release|Any CPU
		{97BB6E13-07B5-4F91-BCB2-AEC1960EACC3}.Release|x86.Build.0 = Release|Any CPU
		{9A3C313B-8D72-44C5-879D-0374BB98B9FD}.Debug|Any CPU.ActiveCfg = Debug|Any CPU
		{9A3C313B-8D72-44C5-879D-0374BB98B9FD}.Debug|Any CPU.Build.0 = Debug|Any CPU
		{9A3C313B-8D72-44C5-879D-0374BB98B9FD}.Debug|x64.ActiveCfg = Debug|Any CPU
		{9A3C313B-8D72-44C5-879D-0374BB98B9FD}.Debug|x64.Build.0 = Debug|Any CPU
		{9A3C313B-8D72-44C5-879D-0374BB98B9FD}.Debug|x86.ActiveCfg = Debug|Any CPU
		{9A3C313B-8D72-44C5-879D-0374BB98B9FD}.Debug|x86.Build.0 = Debug|Any CPU
		{9A3C313B-8D72-44C5-879D-0374BB98B9FD}.Release|Any CPU.ActiveCfg = Release|Any CPU
		{9A3C313B-8D72-44C5-879D-0374BB98B9FD}.Release|Any CPU.Build.0 = Release|Any CPU
		{9A3C313B-8D72-44C5-879D-0374BB98B9FD}.Release|x64.ActiveCfg = Release|Any CPU
		{9A3C313B-8D72-44C5-879D-0374BB98B9FD}.Release|x64.Build.0 = Release|Any CPU
		{9A3C313B-8D72-44C5-879D-0374BB98B9FD}.Release|x86.ActiveCfg = Release|Any CPU
		{9A3C313B-8D72-44C5-879D-0374BB98B9FD}.Release|x86.Build.0 = Release|Any CPU
		{16B6E331-F893-483A-AECC-A3B4E87CE34C}.Debug|Any CPU.ActiveCfg = Debug|Any CPU
		{16B6E331-F893-483A-AECC-A3B4E87CE34C}.Debug|Any CPU.Build.0 = Debug|Any CPU
		{16B6E331-F893-483A-AECC-A3B4E87CE34C}.Debug|x64.ActiveCfg = Debug|Any CPU
		{16B6E331-F893-483A-AECC-A3B4E87CE34C}.Debug|x64.Build.0 = Debug|Any CPU
		{16B6E331-F893-483A-AECC-A3B4E87CE34C}.Debug|x86.ActiveCfg = Debug|Any CPU
		{16B6E331-F893-483A-AECC-A3B4E87CE34C}.Debug|x86.Build.0 = Debug|Any CPU
		{16B6E331-F893-483A-AECC-A3B4E87CE34C}.Release|Any CPU.ActiveCfg = Release|Any CPU
		{16B6E331-F893-483A-AECC-A3B4E87CE34C}.Release|Any CPU.Build.0 = Release|Any CPU
		{16B6E331-F893-483A-AECC-A3B4E87CE34C}.Release|x64.ActiveCfg = Release|Any CPU
		{16B6E331-F893-483A-AECC-A3B4E87CE34C}.Release|x64.Build.0 = Release|Any CPU
		{16B6E331-F893-483A-AECC-A3B4E87CE34C}.Release|x86.ActiveCfg = Release|Any CPU
		{16B6E331-F893-483A-AECC-A3B4E87CE34C}.Release|x86.Build.0 = Release|Any CPU
		{A5FD546A-471B-45AC-9037-7D02A2A17E23}.Debug|Any CPU.ActiveCfg = Debug|Any CPU
		{A5FD546A-471B-45AC-9037-7D02A2A17E23}.Debug|Any CPU.Build.0 = Debug|Any CPU
		{A5FD546A-471B-45AC-9037-7D02A2A17E23}.Debug|x64.ActiveCfg = Debug|Any CPU
		{A5FD546A-471B-45AC-9037-7D02A2A17E23}.Debug|x64.Build.0 = Debug|Any CPU
		{A5FD546A-471B-45AC-9037-7D02A2A17E23}.Debug|x86.ActiveCfg = Debug|Any CPU
		{A5FD546A-471B-45AC-9037-7D02A2A17E23}.Debug|x86.Build.0 = Debug|Any CPU
		{A5FD546A-471B-45AC-9037-7D02A2A17E23}.Release|Any CPU.ActiveCfg = Release|Any CPU
		{A5FD546A-471B-45AC-9037-7D02A2A17E23}.Release|Any CPU.Build.0 = Release|Any CPU
		{A5FD546A-471B-45AC-9037-7D02A2A17E23}.Release|x64.ActiveCfg = Release|Any CPU
		{A5FD546A-471B-45AC-9037-7D02A2A17E23}.Release|x64.Build.0 = Release|Any CPU
		{A5FD546A-471B-45AC-9037-7D02A2A17E23}.Release|x86.ActiveCfg = Release|Any CPU
		{A5FD546A-471B-45AC-9037-7D02A2A17E23}.Release|x86.Build.0 = Release|Any CPU
		{ED77CF9B-CA65-4798-A269-0748D14CFC9F}.Debug|Any CPU.ActiveCfg = Debug|Any CPU
		{ED77CF9B-CA65-4798-A269-0748D14CFC9F}.Debug|Any CPU.Build.0 = Debug|Any CPU
		{ED77CF9B-CA65-4798-A269-0748D14CFC9F}.Debug|x64.ActiveCfg = Debug|Any CPU
		{ED77CF9B-CA65-4798-A269-0748D14CFC9F}.Debug|x64.Build.0 = Debug|Any CPU
		{ED77CF9B-CA65-4798-A269-0748D14CFC9F}.Debug|x86.ActiveCfg = Debug|Any CPU
		{ED77CF9B-CA65-4798-A269-0748D14CFC9F}.Debug|x86.Build.0 = Debug|Any CPU
		{ED77CF9B-CA65-4798-A269-0748D14CFC9F}.Release|Any CPU.ActiveCfg = Release|Any CPU
		{ED77CF9B-CA65-4798-A269-0748D14CFC9F}.Release|Any CPU.Build.0 = Release|Any CPU
		{ED77CF9B-CA65-4798-A269-0748D14CFC9F}.Release|x64.ActiveCfg = Release|Any CPU
		{ED77CF9B-CA65-4798-A269-0748D14CFC9F}.Release|x64.Build.0 = Release|Any CPU
		{ED77CF9B-CA65-4798-A269-0748D14CFC9F}.Release|x86.ActiveCfg = Release|Any CPU
		{ED77CF9B-CA65-4798-A269-0748D14CFC9F}.Release|x86.Build.0 = Release|Any CPU
		{010B8AB4-9867-4BE0-A663-6261DA4056F9}.Debug|Any CPU.ActiveCfg = Debug|Any CPU
		{010B8AB4-9867-4BE0-A663-6261DA4056F9}.Debug|Any CPU.Build.0 = Debug|Any CPU
		{010B8AB4-9867-4BE0-A663-6261DA4056F9}.Debug|x64.ActiveCfg = Debug|Any CPU
		{010B8AB4-9867-4BE0-A663-6261DA4056F9}.Debug|x64.Build.0 = Debug|Any CPU
		{010B8AB4-9867-4BE0-A663-6261DA4056F9}.Debug|x86.ActiveCfg = Debug|Any CPU
		{010B8AB4-9867-4BE0-A663-6261DA4056F9}.Debug|x86.Build.0 = Debug|Any CPU
		{010B8AB4-9867-4BE0-A663-6261DA4056F9}.Release|Any CPU.ActiveCfg = Release|Any CPU
		{010B8AB4-9867-4BE0-A663-6261DA4056F9}.Release|Any CPU.Build.0 = Release|Any CPU
		{010B8AB4-9867-4BE0-A663-6261DA4056F9}.Release|x64.ActiveCfg = Release|Any CPU
		{010B8AB4-9867-4BE0-A663-6261DA4056F9}.Release|x64.Build.0 = Release|Any CPU
		{010B8AB4-9867-4BE0-A663-6261DA4056F9}.Release|x86.ActiveCfg = Release|Any CPU
		{010B8AB4-9867-4BE0-A663-6261DA4056F9}.Release|x86.Build.0 = Release|Any CPU
		{09C431B2-59D4-4D40-B006-A2407797FCBA}.Debug|Any CPU.ActiveCfg = Debug|Any CPU
		{09C431B2-59D4-4D40-B006-A2407797FCBA}.Debug|Any CPU.Build.0 = Debug|Any CPU
		{09C431B2-59D4-4D40-B006-A2407797FCBA}.Debug|x64.ActiveCfg = Debug|Any CPU
		{09C431B2-59D4-4D40-B006-A2407797FCBA}.Debug|x64.Build.0 = Debug|Any CPU
		{09C431B2-59D4-4D40-B006-A2407797FCBA}.Debug|x86.ActiveCfg = Debug|Any CPU
		{09C431B2-59D4-4D40-B006-A2407797FCBA}.Debug|x86.Build.0 = Debug|Any CPU
		{09C431B2-59D4-4D40-B006-A2407797FCBA}.Release|Any CPU.ActiveCfg = Release|Any CPU
		{09C431B2-59D4-4D40-B006-A2407797FCBA}.Release|Any CPU.Build.0 = Release|Any CPU
		{09C431B2-59D4-4D40-B006-A2407797FCBA}.Release|x64.ActiveCfg = Release|Any CPU
		{09C431B2-59D4-4D40-B006-A2407797FCBA}.Release|x64.Build.0 = Release|Any CPU
		{09C431B2-59D4-4D40-B006-A2407797FCBA}.Release|x86.ActiveCfg = Release|Any CPU
		{09C431B2-59D4-4D40-B006-A2407797FCBA}.Release|x86.Build.0 = Release|Any CPU
	EndGlobalSection
	GlobalSection(SolutionProperties) = preSolution
		HideSolutionNode = FALSE
	EndGlobalSection
	GlobalSection(ExtensibilityGlobals) = postSolution
		SolutionGuid = {62894754-8E97-4105-8F39-12BE955DF3D1}
	EndGlobalSection
EndGlobal
